
Microsoft Visual Studio Solution File, Format Version 12.00
# Visual Studio Version 17
VisualStudioVersion = 17.7.34009.444
MinimumVisualStudioVersion = 10.0.40219.1
Project("{FAE04EC0-301F-11D3-BF4B-00C04F79EFBC}") = "Assessment task 5", "Assessment task 5\Assessment task 5.csproj", "{F780733C-5295-4693-8FFF-869798B0C841}"
EndProject
Global
	GlobalSection(SolutionConfigurationPlatforms) = preSolution
		Debug|Any CPU = Debug|Any CPU
		Release|Any CPU = Release|Any CPU
	EndGlobalSection
	GlobalSection(ProjectConfigurationPlatforms) = postSolution
		{F780733C-5295-4693-8FFF-869798B0C841}.Debug|Any CPU.ActiveCfg = Debug|Any CPU
		{F780733C-5295-4693-8FFF-869798B0C841}.Debug|Any CPU.Build.0 = Debug|Any CPU
		{F780733C-5295-4693-8FFF-869798B0C841}.Release|Any CPU.ActiveCfg = Release|Any CPU
		{F780733C-5295-4693-8FFF-869798B0C841}.Release|Any CPU.Build.0 = Release|Any CPU
	EndGlobalSection
	GlobalSection(SolutionProperties) = preSolution
		HideSolutionNode = FALSE
	EndGlobalSection
	GlobalSection(ExtensibilityGlobals) = postSolution
		SolutionGuid = {B997A243-F220-4CA6-BBB8-7D68B56E25A4}
	EndGlobalSection
EndGlobal
